// !$*UTF8*$!
{
	archiveVersion = 1;
	classes = {
	};
	objectVersion = 50;
	objects = {

/* Begin PBXBuildFile section */
		563B992223BE467000DA636C /* WRTextLayout.m in Sources */ = {isa = PBXBuildFile; fileRef = 563B991B23BE467000DA636C /* WRTextLayout.m */; };
		563B992323BE467000DA636C /* WRVerticalLabel.m in Sources */ = {isa = PBXBuildFile; fileRef = 563B991E23BE467000DA636C /* WRVerticalLabel.m */; };
		563B992423BE467000DA636C /* WRTextLine.m in Sources */ = {isa = PBXBuildFile; fileRef = 563B992023BE467000DA636C /* WRTextLine.m */; };
		563B992523BE467000DA636C /* WRVerticalButton.m in Sources */ = {isa = PBXBuildFile; fileRef = 563B992123BE467000DA636C /* WRVerticalButton.m */; };
		BB6A214023C5784600E8947F /* WRAlertController.m in Sources */ = {isa = PBXBuildFile; fileRef = BB6A213F23C5784600E8947F /* WRAlertController.m */; };
		BBC850A623A0C50600999198 /* AppDelegate.m in Sources */ = {isa = PBXBuildFile; fileRef = BBC850A523A0C50600999198 /* AppDelegate.m */; };
		BBC850AC23A0C50600999198 /* ViewController.m in Sources */ = {isa = PBXBuildFile; fileRef = BBC850AB23A0C50600999198 /* ViewController.m */; };
		BBC850AF23A0C50600999198 /* Main.storyboard in Resources */ = {isa = PBXBuildFile; fileRef = BBC850AD23A0C50600999198 /* Main.storyboard */; };
		BBC850B123A0C50A00999198 /* Assets.xcassets in Resources */ = {isa = PBXBuildFile; fileRef = BBC850B023A0C50A00999198 /* Assets.xcassets */; };
		BBC850B423A0C50A00999198 /* LaunchScreen.storyboard in Resources */ = {isa = PBXBuildFile; fileRef = BBC850B223A0C50A00999198 /* LaunchScreen.storyboard */; };
		BBC850B723A0C50A00999198 /* main.m in Sources */ = {isa = PBXBuildFile; fileRef = BBC850B623A0C50A00999198 /* main.m */; };
		BBC850CA23A0CCDD00999198 /* MongolQaganTig.ttf in Resources */ = {isa = PBXBuildFile; fileRef = BBC850C923A0CCDD00999198 /* MongolQaganTig.ttf */; };
		BBCB1F4D23BED9CB004970B4 /* ViewController.xib in Resources */ = {isa = PBXBuildFile; fileRef = BBCB1F4C23BED9CB004970B4 /* ViewController.xib */; };
		BBEBAFED23B1C16300B2C99B /* DelehiSoninQaganTig.ttf in Resources */ = {isa = PBXBuildFile; fileRef = BBEBAFEC23B1C16300B2C99B /* DelehiSoninQaganTig.ttf */; };
		BBEBAFEF23B1C63300B2C99B /* DelehiQaganTig.ttf in Resources */ = {isa = PBXBuildFile; fileRef = BBEBAFEE23B1C63300B2C99B /* DelehiQaganTig.ttf */; };
/* End PBXBuildFile section */

/* Begin PBXFileReference section */
		563B991A23BE467000DA636C /* WRTextLine.h */ = {isa = PBXFileReference; fileEncoding = 4; lastKnownFileType = sourcecode.c.h; path = WRTextLine.h; sourceTree = "<group>"; };
		563B991B23BE467000DA636C /* WRTextLayout.m */ = {isa = PBXFileReference; fileEncoding = 4; lastKnownFileType = sourcecode.c.objc; path = WRTextLayout.m; sourceTree = "<group>"; };
		563B991C23BE467000DA636C /* WRVerticalLabel.h */ = {isa = PBXFileReference; fileEncoding = 4; lastKnownFileType = sourcecode.c.h; path = WRVerticalLabel.h; sourceTree = "<group>"; };
		563B991D23BE467000DA636C /* WRTextLayout.h */ = {isa = PBXFileReference; fileEncoding = 4; lastKnownFileType = sourcecode.c.h; path = WRTextLayout.h; sourceTree = "<group>"; };
		563B991E23BE467000DA636C /* WRVerticalLabel.m */ = {isa = PBXFileReference; fileEncoding = 4; lastKnownFileType = sourcecode.c.objc; path = WRVerticalLabel.m; sourceTree = "<group>"; };
		563B991F23BE467000DA636C /* WRVerticalButton.h */ = {isa = PBXFileReference; fileEncoding = 4; lastKnownFileType = sourcecode.c.h; path = WRVerticalButton.h; sourceTree = "<group>"; };
		563B992023BE467000DA636C /* WRTextLine.m */ = {isa = PBXFileReference; fileEncoding = 4; lastKnownFileType = sourcecode.c.objc; path = WRTextLine.m; sourceTree = "<group>"; };
		563B992123BE467000DA636C /* WRVerticalButton.m */ = {isa = PBXFileReference; fileEncoding = 4; lastKnownFileType = sourcecode.c.objc; path = WRVerticalButton.m; sourceTree = "<group>"; };
		5695375423C99916000FDD0A /* WRTextKit.h */ = {isa = PBXFileReference; lastKnownFileType = sourcecode.c.h; path = WRTextKit.h; sourceTree = "<group>"; };
		BB6A213E23C5784600E8947F /* WRAlertController.h */ = {isa = PBXFileReference; lastKnownFileType = sourcecode.c.h; path = WRAlertController.h; sourceTree = "<group>"; };
		BB6A213F23C5784600E8947F /* WRAlertController.m */ = {isa = PBXFileReference; lastKnownFileType = sourcecode.c.objc; path = WRAlertController.m; sourceTree = "<group>"; };
		BBC850A123A0C50600999198 /* WRTextKitDemo.app */ = {isa = PBXFileReference; explicitFileType = wrapper.application; includeInIndex = 0; path = WRTextKitDemo.app; sourceTree = BUILT_PRODUCTS_DIR; };
		BBC850A423A0C50600999198 /* AppDelegate.h */ = {isa = PBXFileReference; lastKnownFileType = sourcecode.c.h; path = AppDelegate.h; sourceTree = "<group>"; };
		BBC850A523A0C50600999198 /* AppDelegate.m */ = {isa = PBXFileReference; lastKnownFileType = sourcecode.c.objc; path = AppDelegate.m; sourceTree = "<group>"; };
		BBC850AA23A0C50600999198 /* ViewController.h */ = {isa = PBXFileReference; lastKnownFileType = sourcecode.c.h; path = ViewController.h; sourceTree = "<group>"; };
		BBC850AB23A0C50600999198 /* ViewController.m */ = {isa = PBXFileReference; lastKnownFileType = sourcecode.c.objc; path = ViewController.m; sourceTree = "<group>"; };
		BBC850AE23A0C50600999198 /* Base */ = {isa = PBXFileReference; lastKnownFileType = file.storyboard; name = Base; path = Base.lproj/Main.storyboard; sourceTree = "<group>"; };
		BBC850B023A0C50A00999198 /* Assets.xcassets */ = {isa = PBXFileReference; lastKnownFileType = folder.assetcatalog; path = Assets.xcassets; sourceTree = "<group>"; };
		BBC850B323A0C50A00999198 /* Base */ = {isa = PBXFileReference; lastKnownFileType = file.storyboard; name = Base; path = Base.lproj/LaunchScreen.storyboard; sourceTree = "<group>"; };
		BBC850B523A0C50A00999198 /* Info.plist */ = {isa = PBXFileReference; lastKnownFileType = text.plist.xml; path = Info.plist; sourceTree = "<group>"; };
		BBC850B623A0C50A00999198 /* main.m */ = {isa = PBXFileReference; lastKnownFileType = sourcecode.c.objc; path = main.m; sourceTree = "<group>"; };
		BBC850C923A0CCDD00999198 /* MongolQaganTig.ttf */ = {isa = PBXFileReference; lastKnownFileType = file; path = MongolQaganTig.ttf; sourceTree = "<group>"; };
		BBCB1F4C23BED9CB004970B4 /* ViewController.xib */ = {isa = PBXFileReference; lastKnownFileType = file.xib; path = ViewController.xib; sourceTree = "<group>"; };
		BBEBAFEC23B1C16300B2C99B /* DelehiSoninQaganTig.ttf */ = {isa = PBXFileReference; lastKnownFileType = file; path = DelehiSoninQaganTig.ttf; sourceTree = "<group>"; };
		BBEBAFEE23B1C63300B2C99B /* DelehiQaganTig.ttf */ = {isa = PBXFileReference; lastKnownFileType = file; path = DelehiQaganTig.ttf; sourceTree = "<group>"; };
/* End PBXFileReference section */

/* Begin PBXFrameworksBuildPhase section */
		BBC8509E23A0C50600999198 /* Frameworks */ = {
			isa = PBXFrameworksBuildPhase;
			buildActionMask = 2147483647;
			files = (
			);
			runOnlyForDeploymentPostprocessing = 0;
		};
/* End PBXFrameworksBuildPhase section */

/* Begin PBXGroup section */
		BBC8509823A0C50600999198 = {
			isa = PBXGroup;
			children = (
				BBC850A323A0C50600999198 /* WRTextKitDemo */,
				BBC850A223A0C50600999198 /* Products */,
			);
			sourceTree = "<group>";
		};
		BBC850A223A0C50600999198 /* Products */ = {
			isa = PBXGroup;
			children = (
				BBC850A123A0C50600999198 /* WRTextKitDemo.app */,
			);
			name = Products;
			sourceTree = "<group>";
		};
		BBC850A323A0C50600999198 /* WRTextKitDemo */ = {
			isa = PBXGroup;
			children = (
				BBC850A423A0C50600999198 /* AppDelegate.h */,
				BBC850A523A0C50600999198 /* AppDelegate.m */,
				BBC850AA23A0C50600999198 /* ViewController.h */,
				BBC850AB23A0C50600999198 /* ViewController.m */,
				BBCB1F4C23BED9CB004970B4 /* ViewController.xib */,
				BBC850AD23A0C50600999198 /* Main.storyboard */,
				BBC850B023A0C50A00999198 /* Assets.xcassets */,
				BBC850B223A0C50A00999198 /* LaunchScreen.storyboard */,
				BBC850B523A0C50A00999198 /* Info.plist */,
				BBC850B623A0C50A00999198 /* main.m */,
				BBC850C823A0CCC200999198 /* Resource */,
				BBC850BD23A0C66900999198 /* WRTextKit */,
			);
			path = WRTextKitDemo;
			sourceTree = "<group>";
		};
		BBC850BD23A0C66900999198 /* WRTextKit */ = {
			isa = PBXGroup;
			children = (
				5695375423C99916000FDD0A /* WRTextKit.h */,
				563B991D23BE467000DA636C /* WRTextLayout.h */,
				563B991B23BE467000DA636C /* WRTextLayout.m */,
				563B991A23BE467000DA636C /* WRTextLine.h */,
				563B992023BE467000DA636C /* WRTextLine.m */,
				563B991C23BE467000DA636C /* WRVerticalLabel.h */,
				563B991E23BE467000DA636C /* WRVerticalLabel.m */,
				563B992123BE467000DA636C /* WRVerticalButton.m */,
				563B991F23BE467000DA636C /* WRVerticalButton.h */,
				BB6A213E23C5784600E8947F /* WRAlertController.h */,
				BB6A213F23C5784600E8947F /* WRAlertController.m */,
			);
			name = WRTextKit;
			path = ../../WRTextKit;
			sourceTree = "<group>";
		};
		BBC850C823A0CCC200999198 /* Resource */ = {
			isa = PBXGroup;
			children = (
				BBEBAFEE23B1C63300B2C99B /* DelehiQaganTig.ttf */,
				BBEBAFEC23B1C16300B2C99B /* DelehiSoninQaganTig.ttf */,
				BBC850C923A0CCDD00999198 /* MongolQaganTig.ttf */,
			);
			path = Resource;
			sourceTree = "<group>";
		};
/* End PBXGroup section */

/* Begin PBXNativeTarget section */
		BBC850A023A0C50600999198 /* WRTextKitDemo */ = {
			isa = PBXNativeTarget;
			buildConfigurationList = BBC850BA23A0C50A00999198 /* Build configuration list for PBXNativeTarget "WRTextKitDemo" */;
			buildPhases = (
				BBC8509D23A0C50600999198 /* Sources */,
				BBC8509E23A0C50600999198 /* Frameworks */,
				BBC8509F23A0C50600999198 /* Resources */,
			);
			buildRules = (
			);
			dependencies = (
			);
			name = WRTextKitDemo;
			productName = WRTextKitDemo;
			productReference = BBC850A123A0C50600999198 /* WRTextKitDemo.app */;
			productType = "com.apple.product-type.application";
		};
/* End PBXNativeTarget section */

/* Begin PBXProject section */
		BBC8509923A0C50600999198 /* Project object */ = {
			isa = PBXProject;
			attributes = {
				LastUpgradeCheck = 1100;
				ORGANIZATIONNAME = "项辉";
				TargetAttributes = {
					BBC850A023A0C50600999198 = {
						CreatedOnToolsVersion = 11.0;
					};
				};
			};
			buildConfigurationList = BBC8509C23A0C50600999198 /* Build configuration list for PBXProject "WRTextKitDemo" */;
			compatibilityVersion = "Xcode 9.3";
			developmentRegion = en;
			hasScannedForEncodings = 0;
			knownRegions = (
				en,
				Base,
			);
			mainGroup = BBC8509823A0C50600999198;
			productRefGroup = BBC850A223A0C50600999198 /* Products */;
			projectDirPath = "";
			projectRoot = "";
			targets = (
				BBC850A023A0C50600999198 /* WRTextKitDemo */,
			);
		};
/* End PBXProject section */

/* Begin PBXResourcesBuildPhase section */
		BBC8509F23A0C50600999198 /* Resources */ = {
			isa = PBXResourcesBuildPhase;
			buildActionMask = 2147483647;
			files = (
				BBCB1F4D23BED9CB004970B4 /* ViewController.xib in Resources */,
				BBC850B423A0C50A00999198 /* LaunchScreen.storyboard in Resources */,
				BBC850B123A0C50A00999198 /* Assets.xcassets in Resources */,
				BBEBAFED23B1C16300B2C99B /* DelehiSoninQaganTig.ttf in Resources */,
				BBEBAFEF23B1C63300B2C99B /* DelehiQaganTig.ttf in Resources */,
				BBC850CA23A0CCDD00999198 /* MongolQaganTig.ttf in Resources */,
				BBC850AF23A0C50600999198 /* Main.storyboard in Resources */,
			);
			runOnlyForDeploymentPostprocessing = 0;
		};
/* End PBXResourcesBuildPhase section */

/* Begin PBXSourcesBuildPhase section */
		BBC8509D23A0C50600999198 /* Sources */ = {
			isa = PBXSourcesBuildPhase;
			buildActionMask = 2147483647;
			files = (
				BBC850AC23A0C50600999198 /* ViewController.m in Sources */,
				563B992223BE467000DA636C /* WRTextLayout.m in Sources */,
				BBC850A623A0C50600999198 /* AppDelegate.m in Sources */,
				BB6A214023C5784600E8947F /* WRAlertController.m in Sources */,
				563B992523BE467000DA636C /* WRVerticalButton.m in Sources */,
				563B992323BE467000DA636C /* WRVerticalLabel.m in Sources */,
				BBC850B723A0C50A00999198 /* main.m in Sources */,
				563B992423BE467000DA636C /* WRTextLine.m in Sources */,
			);
			runOnlyForDeploymentPostprocessing = 0;
		};
/* End PBXSourcesBuildPhase section */

/* Begin PBXVariantGroup section */
		BBC850AD23A0C50600999198 /* Main.storyboard */ = {
			isa = PBXVariantGroup;
			children = (
				BBC850AE23A0C50600999198 /* Base */,
			);
			name = Main.storyboard;
			sourceTree = "<group>";
		};
		BBC850B223A0C50A00999198 /* LaunchScreen.storyboard */ = {
			isa = PBXVariantGroup;
			children = (
				BBC850B323A0C50A00999198 /* Base */,
			);
			name = LaunchScreen.storyboard;
			sourceTree = "<group>";
		};
/* End PBXVariantGroup section */

/* Begin XCBuildConfiguration section */
		BBC850B823A0C50A00999198 /* Debug */ = {
			isa = XCBuildConfiguration;
			buildSettings = {
				ALWAYS_SEARCH_USER_PATHS = NO;
				CLANG_ANALYZER_NONNULL = YES;
				CLANG_ANALYZER_NUMBER_OBJECT_CONVERSION = YES_AGGRESSIVE;
				CLANG_CXX_LANGUAGE_STANDARD = "gnu++14";
				CLANG_CXX_LIBRARY = "libc++";
				CLANG_ENABLE_MODULES = YES;
				CLANG_ENABLE_OBJC_ARC = YES;
				CLANG_ENABLE_OBJC_WEAK = YES;
				CLANG_WARN_BLOCK_CAPTURE_AUTORELEASING = YES;
				CLANG_WARN_BOOL_CONVERSION = YES;
				CLANG_WARN_COMMA = YES;
				CLANG_WARN_CONSTANT_CONVERSION = YES;
				CLANG_WARN_DEPRECATED_OBJC_IMPLEMENTATIONS = YES;
				CLANG_WARN_DIRECT_OBJC_ISA_USAGE = YES_ERROR;
				CLANG_WARN_DOCUMENTATION_COMMENTS = YES;
				CLANG_WARN_EMPTY_BODY = YES;
				CLANG_WARN_ENUM_CONVERSION = YES;
				CLANG_WARN_INFINITE_RECURSION = YES;
				CLANG_WARN_INT_CONVERSION = YES;
				CLANG_WARN_NON_LITERAL_NULL_CONVERSION = YES;
				CLANG_WARN_OBJC_IMPLICIT_RETAIN_SELF = YES;
				CLANG_WARN_OBJC_LITERAL_CONVERSION = YES;
				CLANG_WARN_OBJC_ROOT_CLASS = YES_ERROR;
				CLANG_WARN_RANGE_LOOP_ANALYSIS = YES;
				CLANG_WARN_STRICT_PROTOTYPES = YES;
				CLANG_WARN_SUSPICIOUS_MOVE = YES;
				CLANG_WARN_UNGUARDED_AVAILABILITY = YES_AGGRESSIVE;
				CLANG_WARN_UNREACHABLE_CODE = YES;
				CLANG_WARN__DUPLICATE_METHOD_MATCH = YES;
				COPY_PHASE_STRIP = NO;
				DEBUG_INFORMATION_FORMAT = dwarf;
				ENABLE_STRICT_OBJC_MSGSEND = YES;
				ENABLE_TESTABILITY = YES;
				GCC_C_LANGUAGE_STANDARD = gnu11;
				GCC_DYNAMIC_NO_PIC = NO;
				GCC_NO_COMMON_BLOCKS = YES;
				GCC_OPTIMIZATION_LEVEL = 0;
				GCC_PREPROCESSOR_DEFINITIONS = (
					"DEBUG=1",
					"$(inherited)",
				);
				GCC_WARN_64_TO_32_BIT_CONVERSION = YES;
				GCC_WARN_ABOUT_RETURN_TYPE = YES_ERROR;
				GCC_WARN_UNDECLARED_SELECTOR = YES;
				GCC_WARN_UNINITIALIZED_AUTOS = YES_AGGRESSIVE;
				GCC_WARN_UNUSED_FUNCTION = YES;
				GCC_WARN_UNUSED_VARIABLE = YES;
				IPHONEOS_DEPLOYMENT_TARGET = 9.0;
				MTL_ENABLE_DEBUG_INFO = INCLUDE_SOURCE;
				MTL_FAST_MATH = YES;
				ONLY_ACTIVE_ARCH = YES;
				SDKROOT = iphoneos;
			};
			name = Debug;
		};
		BBC850B923A0C50A00999198 /* Release */ = {
			isa = XCBuildConfiguration;
			buildSettings = {
				ALWAYS_SEARCH_USER_PATHS = NO;
				CLANG_ANALYZER_NONNULL = YES;
				CLANG_ANALYZER_NUMBER_OBJECT_CONVERSION = YES_AGGRESSIVE;
				CLANG_CXX_LANGUAGE_STANDARD = "gnu++14";
				CLANG_CXX_LIBRARY = "libc++";
				CLANG_ENABLE_MODULES = YES;
				CLANG_ENABLE_OBJC_ARC = YES;
				CLANG_ENABLE_OBJC_WEAK = YES;
				CLANG_WARN_BLOCK_CAPTURE_AUTORELEASING = YES;
				CLANG_WARN_BOOL_CONVERSION = YES;
				CLANG_WARN_COMMA = YES;
				CLANG_WARN_CONSTANT_CONVERSION = YES;
				CLANG_WARN_DEPRECATED_OBJC_IMPLEMENTATIONS = YES;
				CLANG_WARN_DIRECT_OBJC_ISA_USAGE = YES_ERROR;
				CLANG_WARN_DOCUMENTATION_COMMENTS = YES;
				CLANG_WARN_EMPTY_BODY = YES;
				CLANG_WARN_ENUM_CONVERSION = YES;
				CLANG_WARN_INFINITE_RECURSION = YES;
				CLANG_WARN_INT_CONVERSION = YES;
				CLANG_WARN_NON_LITERAL_NULL_CONVERSION = YES;
				CLANG_WARN_OBJC_IMPLICIT_RETAIN_SELF = YES;
				CLANG_WARN_OBJC_LITERAL_CONVERSION = YES;
				CLANG_WARN_OBJC_ROOT_CLASS = YES_ERROR;
				CLANG_WARN_RANGE_LOOP_ANALYSIS = YES;
				CLANG_WARN_STRICT_PROTOTYPES = YES;
				CLANG_WARN_SUSPICIOUS_MOVE = YES;
				CLANG_WARN_UNGUARDED_AVAILABILITY = YES_AGGRESSIVE;
				CLANG_WARN_UNREACHABLE_CODE = YES;
				CLANG_WARN__DUPLICATE_METHOD_MATCH = YES;
				COPY_PHASE_STRIP = NO;
				DEBUG_INFORMATION_FORMAT = "dwarf-with-dsym";
				ENABLE_NS_ASSERTIONS = NO;
				ENABLE_STRICT_OBJC_MSGSEND = YES;
				GCC_C_LANGUAGE_STANDARD = gnu11;
				GCC_NO_COMMON_BLOCKS = YES;
				GCC_WARN_64_TO_32_BIT_CONVERSION = YES;
				GCC_WARN_ABOUT_RETURN_TYPE = YES_ERROR;
				GCC_WARN_UNDECLARED_SELECTOR = YES;
				GCC_WARN_UNINITIALIZED_AUTOS = YES_AGGRESSIVE;
				GCC_WARN_UNUSED_FUNCTION = YES;
				GCC_WARN_UNUSED_VARIABLE = YES;
				IPHONEOS_DEPLOYMENT_TARGET = 9.0;
				MTL_ENABLE_DEBUG_INFO = NO;
				MTL_FAST_MATH = YES;
				SDKROOT = iphoneos;
				VALIDATE_PRODUCT = YES;
			};
			name = Release;
		};
		BBC850BB23A0C50A00999198 /* Debug */ = {
			isa = XCBuildConfiguration;
			buildSettings = {
				ASSETCATALOG_COMPILER_APPICON_NAME = AppIcon;
				CODE_SIGN_STYLE = Automatic;
				DEVELOPMENT_TEAM = 6D9M2CY5KM;
				INFOPLIST_FILE = WRTextKitDemo/Info.plist;
				LD_RUNPATH_SEARCH_PATHS = (
					"$(inherited)",
					"@executable_path/Frameworks",
				);
				PRODUCT_BUNDLE_IDENTIFIER = xianghui.WRTextKitDemo;
				PRODUCT_NAME = "$(TARGET_NAME)";
				TARGETED_DEVICE_FAMILY = "1,2";
			};
			name = Debug;
		};
		BBC850BC23A0C50A00999198 /* Release */ = {
			isa = XCBuildConfiguration;
			buildSettings = {
				ASSETCATALOG_COMPILER_APPICON_NAME = AppIcon;
				CODE_SIGN_STYLE = Automatic;
				DEVELOPMENT_TEAM = 6D9M2CY5KM;
				INFOPLIST_FILE = WRTextKitDemo/Info.plist;
				LD_RUNPATH_SEARCH_PATHS = (
					"$(inherited)",
					"@executable_path/Frameworks",
				);
				PRODUCT_BUNDLE_IDENTIFIER = xianghui.WRTextKitDemo;
				PRODUCT_NAME = "$(TARGET_NAME)";
				TARGETED_DEVICE_FAMILY = "1,2";
			};
			name = Release;
		};
/* End XCBuildConfiguration section */

/* Begin XCConfigurationList section */
		BBC8509C23A0C50600999198 /* Build configuration list for PBXProject "WRTextKitDemo" */ = {
			isa = XCConfigurationList;
			buildConfigurations = (
				BBC850B823A0C50A00999198 /* Debug */,
				BBC850B923A0C50A00999198 /* Release */,
			);
			defaultConfigurationIsVisible = 0;
			defaultConfigurationName = Release;
		};
		BBC850BA23A0C50A00999198 /* Build configuration list for PBXNativeTarget "WRTextKitDemo" */ = {
			isa = XCConfigurationList;
			buildConfigurations = (
				BBC850BB23A0C50A00999198 /* Debug */,
				BBC850BC23A0C50A00999198 /* Release */,
			);
			defaultConfigurationIsVisible = 0;
			defaultConfigurationName = Release;
		};
/* End XCConfigurationList section */
	};
	rootObject = BBC8509923A0C50600999198 /* Project object */;
}
